// !$*UTF8*$!
{
	archiveVersion = 1;
	classes = {
	};
	objectVersion = 50;
	objects = {

/* Begin PBXBuildFile section */
		837DC05126295D4D001AC1F2 /* AppDelegate.m in Sources */ = {isa = PBXBuildFile; fileRef = 837DC05026295D4D001AC1F2 /* AppDelegate.m */; };
		837DC05426295D4D001AC1F2 /* SceneDelegate.m in Sources */ = {isa = PBXBuildFile; fileRef = 837DC05326295D4D001AC1F2 /* SceneDelegate.m */; };
		837DC05726295D4D001AC1F2 /* ViewController.m in Sources */ = {isa = PBXBuildFile; fileRef = 837DC05626295D4D001AC1F2 /* ViewController.m */; };
		837DC05A26295D4D001AC1F2 /* Main.storyboard in Resources */ = {isa = PBXBuildFile; fileRef = 837DC05826295D4D001AC1F2 /* Main.storyboard */; };
		837DC05C26295D4E001AC1F2 /* Assets.xcassets in Resources */ = {isa = PBXBuildFile; fileRef = 837DC05B26295D4E001AC1F2 /* Assets.xcassets */; };
		837DC05F26295D4E001AC1F2 /* LaunchScreen.storyboard in Resources */ = {isa = PBXBuildFile; fileRef = 837DC05D26295D4E001AC1F2 /* LaunchScreen.storyboard */; };
		837DC06226295D4E001AC1F2 /* main.m in Sources */ = {isa = PBXBuildFile; fileRef = 837DC06126295D4E001AC1F2 /* main.m */; };
		837DC06C26295D4F001AC1F2 /* _9__DelegatesHomeWorkSuperManTests.m in Sources */ = {isa = PBXBuildFile; fileRef = 837DC06B26295D4F001AC1F2 /* _9__DelegatesHomeWorkSuperManTests.m */; };
		837DC07726295D4F001AC1F2 /* _9__DelegatesHomeWorkSuperManUITests.m in Sources */ = {isa = PBXBuildFile; fileRef = 837DC07626295D4F001AC1F2 /* _9__DelegatesHomeWorkSuperManUITests.m */; };
/* End PBXBuildFile section */

/* Begin PBXContainerItemProxy section */
		837DC06826295D4F001AC1F2 /* PBXContainerItemProxy */ = {
			isa = PBXContainerItemProxy;
			containerPortal = 837DC04426295D4D001AC1F2 /* Project object */;
			proxyType = 1;
			remoteGlobalIDString = 837DC04B26295D4D001AC1F2;
			remoteInfo = "09. DelegatesHomeWorkSuperMan";
		};
		837DC07326295D4F001AC1F2 /* PBXContainerItemProxy */ = {
			isa = PBXContainerItemProxy;
			containerPortal = 837DC04426295D4D001AC1F2 /* Project object */;
			proxyType = 1;
			remoteGlobalIDString = 837DC04B26295D4D001AC1F2;
			remoteInfo = "09. DelegatesHomeWorkSuperMan";
		};
/* End PBXContainerItemProxy section */

/* Begin PBXFileReference section */
		837DC04C26295D4D001AC1F2 /* 09. DelegatesHomeWorkSuperMan.app */ = {isa = PBXFileReference; explicitFileType = wrapper.application; includeInIndex = 0; path = "09. DelegatesHomeWorkSuperMan.app"; sourceTree = BUILT_PRODUCTS_DIR; };
		837DC04F26295D4D001AC1F2 /* AppDelegate.h */ = {isa = PBXFileReference; lastKnownFileType = sourcecode.c.h; path = AppDelegate.h; sourceTree = "<group>"; };
		837DC05026295D4D001AC1F2 /* AppDelegate.m */ = {isa = PBXFileReference; lastKnownFileType = sourcecode.c.objc; path = AppDelegate.m; sourceTree = "<group>"; };
		837DC05226295D4D001AC1F2 /* SceneDelegate.h */ = {isa = PBXFileReference; lastKnownFileType = sourcecode.c.h; path = SceneDelegate.h; sourceTree = "<group>"; };
		837DC05326295D4D001AC1F2 /* SceneDelegate.m */ = {isa = PBXFileReference; lastKnownFileType = sourcecode.c.objc; path = SceneDelegate.m; sourceTree = "<group>"; };
		837DC05526295D4D001AC1F2 /* ViewController.h */ = {isa = PBXFileReference; lastKnownFileType = sourcecode.c.h; path = ViewController.h; sourceTree = "<group>"; };
		837DC05626295D4D001AC1F2 /* ViewController.m */ = {isa = PBXFileReference; lastKnownFileType = sourcecode.c.objc; path = ViewController.m; sourceTree = "<group>"; };
		837DC05926295D4D001AC1F2 /* Base */ = {isa = PBXFileReference; lastKnownFileType = file.storyboard; name = Base; path = Base.lproj/Main.storyboard; sourceTree = "<group>"; };
		837DC05B26295D4E001AC1F2 /* Assets.xcassets */ = {isa = PBXFileReference; lastKnownFileType = folder.assetcatalog; path = Assets.xcassets; sourceTree = "<group>"; };
		837DC05E26295D4E001AC1F2 /* Base */ = {isa = PBXFileReference; lastKnownFileType = file.storyboard; name = Base; path = Base.lproj/LaunchScreen.storyboard; sourceTree = "<group>"; };
		837DC06026295D4E001AC1F2 /* Info.plist */ = {isa = PBXFileReference; lastKnownFileType = text.plist.xml; path = Info.plist; sourceTree = "<group>"; };
		837DC06126295D4E001AC1F2 /* main.m */ = {isa = PBXFileReference; lastKnownFileType = sourcecode.c.objc; path = main.m; sourceTree = "<group>"; };
		837DC06726295D4F001AC1F2 /* 09. DelegatesHomeWorkSuperManTests.xctest */ = {isa = PBXFileReference; explicitFileType = wrapper.cfbundle; includeInIndex = 0; path = "09. DelegatesHomeWorkSuperManTests.xctest"; sourceTree = BUILT_PRODUCTS_DIR; };
		837DC06B26295D4F001AC1F2 /* _9__DelegatesHomeWorkSuperManTests.m */ = {isa = PBXFileReference; lastKnownFileType = sourcecode.c.objc; path = _9__DelegatesHomeWorkSuperManTests.m; sourceTree = "<group>"; };
		837DC06D26295D4F001AC1F2 /* Info.plist */ = {isa = PBXFileReference; lastKnownFileType = text.plist.xml; path = Info.plist; sourceTree = "<group>"; };
		837DC07226295D4F001AC1F2 /* 09. DelegatesHomeWorkSuperManUITests.xctest */ = {isa = PBXFileReference; explicitFileType = wrapper.cfbundle; includeInIndex = 0; path = "09. DelegatesHomeWorkSuperManUITests.xctest"; sourceTree = BUILT_PRODUCTS_DIR; };
		837DC07626295D4F001AC1F2 /* _9__DelegatesHomeWorkSuperManUITests.m */ = {isa = PBXFileReference; lastKnownFileType = sourcecode.c.objc; path = _9__DelegatesHomeWorkSuperManUITests.m; sourceTree = "<group>"; };
		837DC07826295D4F001AC1F2 /* Info.plist */ = {isa = PBXFileReference; lastKnownFileType = text.plist.xml; path = Info.plist; sourceTree = "<group>"; };
/* End PBXFileReference section */

/* Begin PBXFrameworksBuildPhase section */
		837DC04926295D4D001AC1F2 /* Frameworks */ = {
			isa = PBXFrameworksBuildPhase;
			buildActionMask = 2147483647;
			files = (
			);
			runOnlyForDeploymentPostprocessing = 0;
		};
		837DC06426295D4F001AC1F2 /* Frameworks */ = {
			isa = PBXFrameworksBuildPhase;
			buildActionMask = 2147483647;
			files = (
			);
			runOnlyForDeploymentPostprocessing = 0;
		};
		837DC06F26295D4F001AC1F2 /* Frameworks */ = {
			isa = PBXFrameworksBuildPhase;
			buildActionMask = 2147483647;
			files = (
			);
			runOnlyForDeploymentPostprocessing = 0;
		};
/* End PBXFrameworksBuildPhase section */

/* Begin PBXGroup section */
		837DC04326295D4D001AC1F2 = {
			isa = PBXGroup;
			children = (
				837DC04E26295D4D001AC1F2 /* 09. DelegatesHomeWorkSuperMan */,
				837DC06A26295D4F001AC1F2 /* 09. DelegatesHomeWorkSuperManTests */,
				837DC07526295D4F001AC1F2 /* 09. DelegatesHomeWorkSuperManUITests */,
				837DC04D26295D4D001AC1F2 /* Products */,
			);
			sourceTree = "<group>";
		};
		837DC04D26295D4D001AC1F2 /* Products */ = {
			isa = PBXGroup;
			children = (
				837DC04C26295D4D001AC1F2 /* 09. DelegatesHomeWorkSuperMan.app */,
				837DC06726295D4F001AC1F2 /* 09. DelegatesHomeWorkSuperManTests.xctest */,
				837DC07226295D4F001AC1F2 /* 09. DelegatesHomeWorkSuperManUITests.xctest */,
			);
			name = Products;
			sourceTree = "<group>";
		};
		837DC04E26295D4D001AC1F2 /* 09. DelegatesHomeWorkSuperMan */ = {
			isa = PBXGroup;
			children = (
				837DC04F26295D4D001AC1F2 /* AppDelegate.h */,
				837DC05026295D4D001AC1F2 /* AppDelegate.m */,
				837DC05226295D4D001AC1F2 /* SceneDelegate.h */,
				837DC05326295D4D001AC1F2 /* SceneDelegate.m */,
				837DC05526295D4D001AC1F2 /* ViewController.h */,
				837DC05626295D4D001AC1F2 /* ViewController.m */,
				837DC05826295D4D001AC1F2 /* Main.storyboard */,
				837DC05B26295D4E001AC1F2 /* Assets.xcassets */,
				837DC05D26295D4E001AC1F2 /* LaunchScreen.storyboard */,
				837DC06026295D4E001AC1F2 /* Info.plist */,
				837DC06126295D4E001AC1F2 /* main.m */,
			);
			path = "09. DelegatesHomeWorkSuperMan";
			sourceTree = "<group>";
		};
		837DC06A26295D4F001AC1F2 /* 09. DelegatesHomeWorkSuperManTests */ = {
			isa = PBXGroup;
			children = (
				837DC06B26295D4F001AC1F2 /* _9__DelegatesHomeWorkSuperManTests.m */,
				837DC06D26295D4F001AC1F2 /* Info.plist */,
			);
			path = "09. DelegatesHomeWorkSuperManTests";
			sourceTree = "<group>";
		};
		837DC07526295D4F001AC1F2 /* 09. DelegatesHomeWorkSuperManUITests */ = {
			isa = PBXGroup;
			children = (
				837DC07626295D4F001AC1F2 /* _9__DelegatesHomeWorkSuperManUITests.m */,
				837DC07826295D4F001AC1F2 /* Info.plist */,
			);
			path = "09. DelegatesHomeWorkSuperManUITests";
			sourceTree = "<group>";
		};
/* End PBXGroup section */

/* Begin PBXNativeTarget section */
		837DC04B26295D4D001AC1F2 /* 09. DelegatesHomeWorkSuperMan */ = {
			isa = PBXNativeTarget;
			buildConfigurationList = 837DC07B26295D4F001AC1F2 /* Build configuration list for PBXNativeTarget "09. DelegatesHomeWorkSuperMan" */;
			buildPhases = (
				837DC04826295D4D001AC1F2 /* Sources */,
				837DC04926295D4D001AC1F2 /* Frameworks */,
				837DC04A26295D4D001AC1F2 /* Resources */,
			);
			buildRules = (
			);
			dependencies = (
			);
			name = "09. DelegatesHomeWorkSuperMan";
			productName = "09. DelegatesHomeWorkSuperMan";
			productReference = 837DC04C26295D4D001AC1F2 /* 09. DelegatesHomeWorkSuperMan.app */;
			productType = "com.apple.product-type.application";
		};
		837DC06626295D4F001AC1F2 /* 09. DelegatesHomeWorkSuperManTests */ = {
			isa = PBXNativeTarget;
			buildConfigurationList = 837DC07E26295D4F001AC1F2 /* Build configuration list for PBXNativeTarget "09. DelegatesHomeWorkSuperManTests" */;
			buildPhases = (
				837DC06326295D4F001AC1F2 /* Sources */,
				837DC06426295D4F001AC1F2 /* Frameworks */,
				837DC06526295D4F001AC1F2 /* Resources */,
			);
			buildRules = (
			);
			dependencies = (
				837DC06926295D4F001AC1F2 /* PBXTargetDependency */,
			);
			name = "09. DelegatesHomeWorkSuperManTests";
			productName = "09. DelegatesHomeWorkSuperManTests";
			productReference = 837DC06726295D4F001AC1F2 /* 09. DelegatesHomeWorkSuperManTests.xctest */;
			productType = "com.apple.product-type.bundle.unit-test";
		};
		837DC07126295D4F001AC1F2 /* 09. DelegatesHomeWorkSuperManUITests */ = {
			isa = PBXNativeTarget;
			buildConfigurationList = 837DC08126295D4F001AC1F2 /* Build configuration list for PBXNativeTarget "09. DelegatesHomeWorkSuperManUITests" */;
			buildPhases = (
				837DC06E26295D4F001AC1F2 /* Sources */,
				837DC06F26295D4F001AC1F2 /* Frameworks */,
				837DC07026295D4F001AC1F2 /* Resources */,
			);
			buildRules = (
			);
			dependencies = (
				837DC07426295D4F001AC1F2 /* PBXTargetDependency */,
			);
			name = "09. DelegatesHomeWorkSuperManUITests";
			productName = "09. DelegatesHomeWorkSuperManUITests";
			productReference = 837DC07226295D4F001AC1F2 /* 09. DelegatesHomeWorkSuperManUITests.xctest */;
			productType = "com.apple.product-type.bundle.ui-testing";
		};
/* End PBXNativeTarget section */

/* Begin PBXProject section */
		837DC04426295D4D001AC1F2 /* Project object */ = {
			isa = PBXProject;
			attributes = {
				LastUpgradeCheck = 1240;
				TargetAttributes = {
					837DC04B26295D4D001AC1F2 = {
						CreatedOnToolsVersion = 12.4;
					};
					837DC06626295D4F001AC1F2 = {
						CreatedOnToolsVersion = 12.4;
						TestTargetID = 837DC04B26295D4D001AC1F2;
					};
					837DC07126295D4F001AC1F2 = {
						CreatedOnToolsVersion = 12.4;
						TestTargetID = 837DC04B26295D4D001AC1F2;
					};
				};
			};
			buildConfigurationList = 837DC04726295D4D001AC1F2 /* Build configuration list for PBXProject "09. DelegatesHomeWorkSuperMan" */;
			compatibilityVersion = "Xcode 9.3";
			developmentRegion = en;
			hasScannedForEncodings = 0;
			knownRegions = (
				en,
				Base,
			);
			mainGroup = 837DC04326295D4D001AC1F2;
			productRefGroup = 837DC04D26295D4D001AC1F2 /* Products */;
			projectDirPath = "";
			projectRoot = "";
			targets = (
				837DC04B26295D4D001AC1F2 /* 09. DelegatesHomeWorkSuperMan */,
				837DC06626295D4F001AC1F2 /* 09. DelegatesHomeWorkSuperManTests */,
				837DC07126295D4F001AC1F2 /* 09. DelegatesHomeWorkSuperManUITests */,
			);
		};
/* End PBXProject section */

/* Begin PBXResourcesBuildPhase section */
		837DC04A26295D4D001AC1F2 /* Resources */ = {
			isa = PBXResourcesBuildPhase;
			buildActionMask = 2147483647;
			files = (
				837DC05F26295D4E001AC1F2 /* LaunchScreen.storyboard in Resources */,
				837DC05C26295D4E001AC1F2 /* Assets.xcassets in Resources */,
				837DC05A26295D4D001AC1F2 /* Main.storyboard in Resources */,
			);
			runOnlyForDeploymentPostprocessing = 0;
		};
		837DC06526295D4F001AC1F2 /* Resources */ = {
			isa = PBXResourcesBuildPhase;
			buildActionMask = 2147483647;
			files = (
			);
			runOnlyForDeploymentPostprocessing = 0;
		};
		837DC07026295D4F001AC1F2 /* Resources */ = {
			isa = PBXResourcesBuildPhase;
			buildActionMask = 2147483647;
			files = (
			);
			runOnlyForDeploymentPostprocessing = 0;
		};
/* End PBXResourcesBuildPhase section */

/* Begin PBXSourcesBuildPhase section */
		837DC04826295D4D001AC1F2 /* Sources */ = {
			isa = PBXSourcesBuildPhase;
			buildActionMask = 2147483647;
			files = (
				837DC05726295D4D001AC1F2 /* ViewController.m in Sources */,
				837DC05126295D4D001AC1F2 /* AppDelegate.m in Sources */,
				837DC06226295D4E001AC1F2 /* main.m in Sources */,
				837DC05426295D4D001AC1F2 /* SceneDelegate.m in Sources */,
			);
			runOnlyForDeploymentPostprocessing = 0;
		};
		837DC06326295D4F001AC1F2 /* Sources */ = {
			isa = PBXSourcesBuildPhase;
			buildActionMask = 2147483647;
			files = (
				837DC06C26295D4F001AC1F2 /* _9__DelegatesHomeWorkSuperManTests.m in Sources */,
			);
			runOnlyForDeploymentPostprocessing = 0;
		};
		837DC06E26295D4F001AC1F2 /* Sources */ = {
			isa = PBXSourcesBuildPhase;
			buildActionMask = 2147483647;
			files = (
				837DC07726295D4F001AC1F2 /* _9__DelegatesHomeWorkSuperManUITests.m in Sources */,
			);
			runOnlyForDeploymentPostprocessing = 0;
		};
/* End PBXSourcesBuildPhase section */

/* Begin PBXTargetDependency section */
		837DC06926295D4F001AC1F2 /* PBXTargetDependency */ = {
			isa = PBXTargetDependency;
			target = 837DC04B26295D4D001AC1F2 /* 09. DelegatesHomeWorkSuperMan */;
			targetProxy = 837DC06826295D4F001AC1F2 /* PBXContainerItemProxy */;
		};
		837DC07426295D4F001AC1F2 /* PBXTargetDependency */ = {
			isa = PBXTargetDependency;
			target = 837DC04B26295D4D001AC1F2 /* 09. DelegatesHomeWorkSuperMan */;
			targetProxy = 837DC07326295D4F001AC1F2 /* PBXContainerItemProxy */;
		};
/* End PBXTargetDependency section */

/* Begin PBXVariantGroup section */
		837DC05826295D4D001AC1F2 /* Main.storyboard */ = {
			isa = PBXVariantGroup;
			children = (
				837DC05926295D4D001AC1F2 /* Base */,
			);
			name = Main.storyboard;
			sourceTree = "<group>";
		};
		837DC05D26295D4E001AC1F2 /* LaunchScreen.storyboard */ = {
			isa = PBXVariantGroup;
			children = (
				837DC05E26295D4E001AC1F2 /* Base */,
			);
			name = LaunchScreen.storyboard;
			sourceTree = "<group>";
		};
/* End PBXVariantGroup section */

/* Begin XCBuildConfiguration section */
		837DC07926295D4F001AC1F2 /* Debug */ = {
			isa = XCBuildConfiguration;
			buildSettings = {
				ALWAYS_SEARCH_USER_PATHS = NO;
				CLANG_ANALYZER_NONNULL = YES;
				CLANG_ANALYZER_NUMBER_OBJECT_CONVERSION = YES_AGGRESSIVE;
				CLANG_CXX_LANGUAGE_STANDARD = "gnu++14";
				CLANG_CXX_LIBRARY = "libc++";
				CLANG_ENABLE_MODULES = YES;
				CLANG_ENABLE_OBJC_ARC = YES;
				CLANG_ENABLE_OBJC_WEAK = YES;
				CLANG_WARN_BLOCK_CAPTURE_AUTORELEASING = YES;
				CLANG_WARN_BOOL_CONVERSION = YES;
				CLANG_WARN_COMMA = YES;
				CLANG_WARN_CONSTANT_CONVERSION = YES;
				CLANG_WARN_DEPRECATED_OBJC_IMPLEMENTATIONS = YES;
				CLANG_WARN_DIRECT_OBJC_ISA_USAGE = YES_ERROR;
				CLANG_WARN_DOCUMENTATION_COMMENTS = YES;
				CLANG_WARN_EMPTY_BODY = YES;
				CLANG_WARN_ENUM_CONVERSION = YES;
				CLANG_WARN_INFINITE_RECURSION = YES;
				CLANG_WARN_INT_CONVERSION = YES;
				CLANG_WARN_NON_LITERAL_NULL_CONVERSION = YES;
				CLANG_WARN_OBJC_IMPLICIT_RETAIN_SELF = YES;
				CLANG_WARN_OBJC_LITERAL_CONVERSION = YES;
				CLANG_WARN_OBJC_ROOT_CLASS = YES_ERROR;
				CLANG_WARN_QUOTED_INCLUDE_IN_FRAMEWORK_HEADER = YES;
				CLANG_WARN_RANGE_LOOP_ANALYSIS = YES;
				CLANG_WARN_STRICT_PROTOTYPES = YES;
				CLANG_WARN_SUSPICIOUS_MOVE = YES;
				CLANG_WARN_UNGUARDED_AVAILABILITY = YES_AGGRESSIVE;
				CLANG_WARN_UNREACHABLE_CODE = YES;
				CLANG_WARN__DUPLICATE_METHOD_MATCH = YES;
				COPY_PHASE_STRIP = NO;
				DEBUG_INFORMATION_FORMAT = dwarf;
				ENABLE_STRICT_OBJC_MSGSEND = YES;
				ENABLE_TESTABILITY = YES;
				GCC_C_LANGUAGE_STANDARD = gnu11;
				GCC_DYNAMIC_NO_PIC = NO;
				GCC_NO_COMMON_BLOCKS = YES;
				GCC_OPTIMIZATION_LEVEL = 0;
				GCC_PREPROCESSOR_DEFINITIONS = (
					"DEBUG=1",
					"$(inherited)",
				);
				GCC_WARN_64_TO_32_BIT_CONVERSION = YES;
				GCC_WARN_ABOUT_RETURN_TYPE = YES_ERROR;
				GCC_WARN_UNDECLARED_SELECTOR = YES;
				GCC_WARN_UNINITIALIZED_AUTOS = YES_AGGRESSIVE;
				GCC_WARN_UNUSED_FUNCTION = YES;
				GCC_WARN_UNUSED_VARIABLE = YES;
				IPHONEOS_DEPLOYMENT_TARGET = 14.4;
				MTL_ENABLE_DEBUG_INFO = INCLUDE_SOURCE;
				MTL_FAST_MATH = YES;
				ONLY_ACTIVE_ARCH = YES;
				SDKROOT = iphoneos;
			};
			name = Debug;
		};
		837DC07A26295D4F001AC1F2 /* Release */ = {
			isa = XCBuildConfiguration;
			buildSettings = {
				ALWAYS_SEARCH_USER_PATHS = NO;
				CLANG_ANALYZER_NONNULL = YES;
				CLANG_ANALYZER_NUMBER_OBJECT_CONVERSION = YES_AGGRESSIVE;
				CLANG_CXX_LANGUAGE_STANDARD = "gnu++14";
				CLANG_CXX_LIBRARY = "libc++";
				CLANG_ENABLE_MODULES = YES;
				CLANG_ENABLE_OBJC_ARC = YES;
				CLANG_ENABLE_OBJC_WEAK = YES;
				CLANG_WARN_BLOCK_CAPTURE_AUTORELEASING = YES;
				CLANG_WARN_BOOL_CONVERSION = YES;
				CLANG_WARN_COMMA = YES;
				CLANG_WARN_CONSTANT_CONVERSION = YES;
				CLANG_WARN_DEPRECATED_OBJC_IMPLEMENTATIONS = YES;
				CLANG_WARN_DIRECT_OBJC_ISA_USAGE = YES_ERROR;
				CLANG_WARN_DOCUMENTATION_COMMENTS = YES;
				CLANG_WARN_EMPTY_BODY = YES;
				CLANG_WARN_ENUM_CONVERSION = YES;
				CLANG_WARN_INFINITE_RECURSION = YES;
				CLANG_WARN_INT_CONVERSION = YES;
				CLANG_WARN_NON_LITERAL_NULL_CONVERSION = YES;
				CLANG_WARN_OBJC_IMPLICIT_RETAIN_SELF = YES;
				CLANG_WARN_OBJC_LITERAL_CONVERSION = YES;
				CLANG_WARN_OBJC_ROOT_CLASS = YES_ERROR;
				CLANG_WARN_QUOTED_INCLUDE_IN_FRAMEWORK_HEADER = YES;
				CLANG_WARN_RANGE_LOOP_ANALYSIS = YES;
				CLANG_WARN_STRICT_PROTOTYPES = YES;
				CLANG_WARN_SUSPICIOUS_MOVE = YES;
				CLANG_WARN_UNGUARDED_AVAILABILITY = YES_AGGRESSIVE;
				CLANG_WARN_UNREACHABLE_CODE = YES;
				CLANG_WARN__DUPLICATE_METHOD_MATCH = YES;
				COPY_PHASE_STRIP = NO;
				DEBUG_INFORMATION_FORMAT = "dwarf-with-dsym";
				ENABLE_NS_ASSERTIONS = NO;
				ENABLE_STRICT_OBJC_MSGSEND = YES;
				GCC_C_LANGUAGE_STANDARD = gnu11;
				GCC_NO_COMMON_BLOCKS = YES;
				GCC_WARN_64_TO_32_BIT_CONVERSION = YES;
				GCC_WARN_ABOUT_RETURN_TYPE = YES_ERROR;
				GCC_WARN_UNDECLARED_SELECTOR = YES;
				GCC_WARN_UNINITIALIZED_AUTOS = YES_AGGRESSIVE;
				GCC_WARN_UNUSED_FUNCTION = YES;
				GCC_WARN_UNUSED_VARIABLE = YES;
				IPHONEOS_DEPLOYMENT_TARGET = 14.4;
				MTL_ENABLE_DEBUG_INFO = NO;
				MTL_FAST_MATH = YES;
				SDKROOT = iphoneos;
				VALIDATE_PRODUCT = YES;
			};
			name = Release;
		};
		837DC07C26295D4F001AC1F2 /* Debug */ = {
			isa = XCBuildConfiguration;
			buildSettings = {
				ASSETCATALOG_COMPILER_APPICON_NAME = AppIcon;
				ASSETCATALOG_COMPILER_GLOBAL_ACCENT_COLOR_NAME = AccentColor;
				CODE_SIGN_STYLE = Automatic;
				DEVELOPMENT_TEAM = 2Z2D88P9NV;
				INFOPLIST_FILE = "09. DelegatesHomeWorkSuperMan/Info.plist";
				LD_RUNPATH_SEARCH_PATHS = (
					"$(inherited)",
					"@executable_path/Frameworks",
				);
				PRODUCT_BUNDLE_IDENTIFIER = "com.dmytrosayko.-9--DelegatesHomeWorkSuperMan";
				PRODUCT_NAME = "$(TARGET_NAME)";
				TARGETED_DEVICE_FAMILY = "1,2";
			};
			name = Debug;
		};
		837DC07D26295D4F001AC1F2 /* Release */ = {
			isa = XCBuildConfiguration;
			buildSettings = {
				ASSETCATALOG_COMPILER_APPICON_NAME = AppIcon;
				ASSETCATALOG_COMPILER_GLOBAL_ACCENT_COLOR_NAME = AccentColor;
				CODE_SIGN_STYLE = Automatic;
				DEVELOPMENT_TEAM = 2Z2D88P9NV;
				INFOPLIST_FILE = "09. DelegatesHomeWorkSuperMan/Info.plist";
				LD_RUNPATH_SEARCH_PATHS = (
					"$(inherited)",
					"@executable_path/Frameworks",
				);
				PRODUCT_BUNDLE_IDENTIFIER = "com.dmytrosayko.-9--DelegatesHomeWorkSuperMan";
				PRODUCT_NAME = "$(TARGET_NAME)";
				TARGETED_DEVICE_FAMILY = "1,2";
			};
			name = Release;
		};
		837DC07F26295D4F001AC1F2 /* Debug */ = {
			isa = XCBuildConfiguration;
			buildSettings = {
				BUNDLE_LOADER = "$(TEST_HOST)";
				CODE_SIGN_STYLE = Automatic;
				DEVELOPMENT_TEAM = 2Z2D88P9NV;
				INFOPLIST_FILE = "09. DelegatesHomeWorkSuperManTests/Info.plist";
				IPHONEOS_DEPLOYMENT_TARGET = 14.4;
				LD_RUNPATH_SEARCH_PATHS = (
					"$(inherited)",
					"@executable_path/Frameworks",
					"@loader_path/Frameworks",
				);
				PRODUCT_BUNDLE_IDENTIFIER = "com.dmytrosayko.-9--DelegatesHomeWorkSuperManTests";
				PRODUCT_NAME = "$(TARGET_NAME)";
				TARGETED_DEVICE_FAMILY = "1,2";
				TEST_HOST = "$(BUILT_PRODUCTS_DIR)/09. DelegatesHomeWorkSuperMan.app/09. DelegatesHomeWorkSuperMan";
			};
			name = Debug;
		};
		837DC08026295D4F001AC1F2 /* Release */ = {
			isa = XCBuildConfiguration;
			buildSettings = {
				BUNDLE_LOADER = "$(TEST_HOST)";
				CODE_SIGN_STYLE = Automatic;
				DEVELOPMENT_TEAM = 2Z2D88P9NV;
				INFOPLIST_FILE = "09. DelegatesHomeWorkSuperManTests/Info.plist";
				IPHONEOS_DEPLOYMENT_TARGET = 14.4;
				LD_RUNPATH_SEARCH_PATHS = (
					"$(inherited)",
					"@executable_path/Frameworks",
					"@loader_path/Frameworks",
				);
				PRODUCT_BUNDLE_IDENTIFIER = "com.dmytrosayko.-9--DelegatesHomeWorkSuperManTests";
				PRODUCT_NAME = "$(TARGET_NAME)";
				TARGETED_DEVICE_FAMILY = "1,2";
				TEST_HOST = "$(BUILT_PRODUCTS_DIR)/09. DelegatesHomeWorkSuperMan.app/09. DelegatesHomeWorkSuperMan";
			};
			name = Release;
		};
		837DC08226295D4F001AC1F2 /* Debug */ = {
			isa = XCBuildConfiguration;
			buildSettings = {
				CODE_SIGN_STYLE = Automatic;
				DEVELOPMENT_TEAM = 2Z2D88P9NV;
				INFOPLIST_FILE = "09. DelegatesHomeWorkSuperManUITests/Info.plist";
				LD_RUNPATH_SEARCH_PATHS = (
					"$(inherited)",
					"@executable_path/Frameworks",
					"@loader_path/Frameworks",
				);
				PRODUCT_BUNDLE_IDENTIFIER = "com.dmytrosayko.-9--DelegatesHomeWorkSuperManUITests";
				PRODUCT_NAME = "$(TARGET_NAME)";
				TARGETED_DEVICE_FAMILY = "1,2";
				TEST_TARGET_NAME = "09. DelegatesHomeWorkSuperMan";
			};
			name = Debug;
		};
		837DC08326295D4F001AC1F2 /* Release */ = {
			isa = XCBuildConfiguration;
			buildSettings = {
				CODE_SIGN_STYLE = Automatic;
				DEVELOPMENT_TEAM = 2Z2D88P9NV;
				INFOPLIST_FILE = "09. DelegatesHomeWorkSuperManUITests/Info.plist";
				LD_RUNPATH_SEARCH_PATHS = (
					"$(inherited)",
					"@executable_path/Frameworks",
					"@loader_path/Frameworks",
				);
				PRODUCT_BUNDLE_IDENTIFIER = "com.dmytrosayko.-9--DelegatesHomeWorkSuperManUITests";
				PRODUCT_NAME = "$(TARGET_NAME)";
				TARGETED_DEVICE_FAMILY = "1,2";
				TEST_TARGET_NAME = "09. DelegatesHomeWorkSuperMan";
			};
			name = Release;
		};
/* End XCBuildConfiguration section */

/* Begin XCConfigurationList section */
		837DC04726295D4D001AC1F2 /* Build configuration list for PBXProject "09. DelegatesHomeWorkSuperMan" */ = {
			isa = XCConfigurationList;
			buildConfigurations = (
				837DC07926295D4F001AC1F2 /* Debug */,
				837DC07A26295D4F001AC1F2 /* Release */,
			);
			defaultConfigurationIsVisible = 0;
			defaultConfigurationName = Release;
		};
		837DC07B26295D4F001AC1F2 /* Build configuration list for PBXNativeTarget "09. DelegatesHomeWorkSuperMan" */ = {
			isa = XCConfigurationList;
			buildConfigurations = (
				837DC07C26295D4F001AC1F2 /* Debug */,
				837DC07D26295D4F001AC1F2 /* Release */,
			);
			defaultConfigurationIsVisible = 0;
			defaultConfigurationName = Release;
		};
		837DC07E26295D4F001AC1F2 /* Build configuration list for PBXNativeTarget "09. DelegatesHomeWorkSuperManTests" */ = {
			isa = XCConfigurationList;
			buildConfigurations = (
				837DC07F26295D4F001AC1F2 /* Debug */,
				837DC08026295D4F001AC1F2 /* Release */,
			);
			defaultConfigurationIsVisible = 0;
			defaultConfigurationName = Release;
		};
		837DC08126295D4F001AC1F2 /* Build configuration list for PBXNativeTarget "09. DelegatesHomeWorkSuperManUITests" */ = {
			isa = XCConfigurationList;
			buildConfigurations = (
				837DC08226295D4F001AC1F2 /* Debug */,
				837DC08326295D4F001AC1F2 /* Release */,
			);
			defaultConfigurationIsVisible = 0;
			defaultConfigurationName = Release;
		};
/* End XCConfigurationList section */
	};
	rootObject = 837DC04426295D4D001AC1F2 /* Project object */;
}
